NeoBundleLock UltiSnips 90dc0a267fd0f445eb01fb00f1fae5a6ad0ff997
NeoBundleLock YouCompleteMe 6181a531bf63b1d400ca39b0544bd0f31912dd8b
NeoBundleLock ctrlp.vim b5d3fe66a58a13d2ff8b6391f4387608496a030f
NeoBundleLock gundo.vim 3975ac871565115e3769dc69c06bc88ddc1369af
NeoBundleLock syntastic 8256e43510bc60b2ecab5027380451c00642b620
NeoBundleLock tern_for_vim c677b663adc1e34f4419c70f278dc78d017e673b
NeoBundleLock vim-monokai 3103dcb2470d26a78512aacf2062bdba50e5dc3a
